
Microsoft Visual Studio Solution File, Format Version 12.00
# Visual Studio Version 16
VisualStudioVersion = 16.0.30611.23
MinimumVisualStudioVersion = 10.0.40219.1
Project("{FAE04EC0-301F-11D3-BF4B-00C04F79EFBC}") = "Nemes_Bianca_Lab4", "Nemes_Bianca_Lab4.csproj", "{840F32B5-BE72-4420-AFE0-8882FD3D53D7}"
EndProject
Project("{FAE04EC0-301F-11D3-BF4B-00C04F79EFBC}") = "AutoLotModel", "..\AutoLotModel\AutoLotModel.csproj", "{1D62EA22-7865-4E6A-8559-CF4B4B12D5C3}"
EndProject
Global
	GlobalSection(SolutionConfigurationPlatforms) = preSolution
		Debug|Any CPU = Debug|Any CPU
		Release|Any CPU = Release|Any CPU
	EndGlobalSection
	GlobalSection(ProjectConfigurationPlatforms) = postSolution
		{840F32B5-BE72-4420-AFE0-8882FD3D53D7}.Debug|Any CPU.ActiveCfg = Debug|Any CPU
		{840F32B5-BE72-4420-AFE0-8882FD3D53D7}.Debug|Any CPU.Build.0 = Debug|Any CPU
		{840F32B5-BE72-4420-AFE0-8882FD3D53D7}.Release|Any CPU.ActiveCfg = Release|Any CPU
		{840F32B5-BE72-4420-AFE0-8882FD3D53D7}.Release|Any CPU.Build.0 = Release|Any CPU
		{1D62EA22-7865-4E6A-8559-CF4B4B12D5C3}.Debug|Any CPU.ActiveCfg = Debug|Any CPU
		{1D62EA22-7865-4E6A-8559-CF4B4B12D5C3}.Debug|Any CPU.Build.0 = Debug|Any CPU
		{1D62EA22-7865-4E6A-8559-CF4B4B12D5C3}.Release|Any CPU.ActiveCfg = Release|Any CPU
		{1D62EA22-7865-4E6A-8559-CF4B4B12D5C3}.Release|Any CPU.Build.0 = Release|Any CPU
	EndGlobalSection
	GlobalSection(SolutionProperties) = preSolution
		HideSolutionNode = FALSE
	EndGlobalSection
	GlobalSection(ExtensibilityGlobals) = postSolution
		SolutionGuid = {910ED4F9-1DD0-492D-BE2A-57FCCCA67A7B}
	EndGlobalSection
EndGlobal
